// !$*UTF8*$!
{
	archiveVersion = 1;
	classes = {
	};
	objectVersion = 46;
	objects = {

/* Begin PBXBuildFile section */
		79789FDD155566F600E53489 /* UIKit.framework in Frameworks */ = {isa = PBXBuildFile; fileRef = 79789FDC155566F600E53489 /* UIKit.framework */; };
		79789FDF155566F600E53489 /* Foundation.framework in Frameworks */ = {isa = PBXBuildFile; fileRef = 79789FDE155566F600E53489 /* Foundation.framework */; };
		79789FE1155566F600E53489 /* CoreGraphics.framework in Frameworks */ = {isa = PBXBuildFile; fileRef = 79789FE0155566F600E53489 /* CoreGraphics.framework */; };
		79789FE7155566F600E53489 /* InfoPlist.strings in Resources */ = {isa = PBXBuildFile; fileRef = 79789FE5155566F600E53489 /* InfoPlist.strings */; };
		79789FE9155566F600E53489 /* main.m in Sources */ = {isa = PBXBuildFile; fileRef = 79789FE8155566F600E53489 /* main.m */; };
		79789FED155566F600E53489 /* VBAppDelegate.m in Sources */ = {isa = PBXBuildFile; fileRef = 79789FEC155566F600E53489 /* VBAppDelegate.m */; };
		79789FF0155566F600E53489 /* VBViewController.m in Sources */ = {isa = PBXBuildFile; fileRef = 79789FEF155566F600E53489 /* VBViewController.m */; };
		79789FF3155566F600E53489 /* VBViewController.xib in Resources */ = {isa = PBXBuildFile; fileRef = 79789FF1155566F600E53489 /* VBViewController.xib */; };
		79789FFB155566F600E53489 /* SenTestingKit.framework in Frameworks */ = {isa = PBXBuildFile; fileRef = 79789FFA155566F600E53489 /* SenTestingKit.framework */; };
		79789FFC155566F600E53489 /* UIKit.framework in Frameworks */ = {isa = PBXBuildFile; fileRef = 79789FDC155566F600E53489 /* UIKit.framework */; };
		79789FFD155566F600E53489 /* Foundation.framework in Frameworks */ = {isa = PBXBuildFile; fileRef = 79789FDE155566F600E53489 /* Foundation.framework */; };
		7978A005155566F600E53489 /* InfoPlist.strings in Resources */ = {isa = PBXBuildFile; fileRef = 7978A003155566F600E53489 /* InfoPlist.strings */; };
		7978A008155566F600E53489 /* DirectionsTests.m in Sources */ = {isa = PBXBuildFile; fileRef = 7978A007155566F600E53489 /* DirectionsTests.m */; };
		7978A0141555682400E53489 /* MKPolyline+GoogleAPIEncodedString.m in Sources */ = {isa = PBXBuildFile; fileRef = 7978A0131555682400E53489 /* MKPolyline+GoogleAPIEncodedString.m */; };
		7978A0151555682400E53489 /* MKPolyline+GoogleAPIEncodedString.m in Sources */ = {isa = PBXBuildFile; fileRef = 7978A0131555682400E53489 /* MKPolyline+GoogleAPIEncodedString.m */; };
		7978A0171555683C00E53489 /* CoreLocation.framework in Frameworks */ = {isa = PBXBuildFile; fileRef = 7978A0161555683C00E53489 /* CoreLocation.framework */; };
		7978A0191555684100E53489 /* MapKit.framework in Frameworks */ = {isa = PBXBuildFile; fileRef = 7978A0181555684100E53489 /* MapKit.framework */; };
		7978A01A1555689E00E53489 /* CoreLocation.framework in Frameworks */ = {isa = PBXBuildFile; fileRef = 7978A0161555683C00E53489 /* CoreLocation.framework */; };
		7978A01B155568A300E53489 /* MapKit.framework in Frameworks */ = {isa = PBXBuildFile; fileRef = 7978A0181555684100E53489 /* MapKit.framework */; };
		7978A02015556B2500E53489 /* VBMapViewController.m in Sources */ = {isa = PBXBuildFile; fileRef = 7978A01E15556B2500E53489 /* VBMapViewController.m */; };
		7978A02115556B2500E53489 /* VBMapViewController.m in Sources */ = {isa = PBXBuildFile; fileRef = 7978A01E15556B2500E53489 /* VBMapViewController.m */; };
		7978A02215556B2500E53489 /* VBMapViewController.xib in Resources */ = {isa = PBXBuildFile; fileRef = 7978A01F15556B2500E53489 /* VBMapViewController.xib */; };
		7978A02315556B2500E53489 /* VBMapViewController.xib in Resources */ = {isa = PBXBuildFile; fileRef = 7978A01F15556B2500E53489 /* VBMapViewController.xib */; };
		7978A02715556B3F00E53489 /* VBListViewController.m in Sources */ = {isa = PBXBuildFile; fileRef = 7978A02515556B3F00E53489 /* VBListViewController.m */; };
		7978A02815556B3F00E53489 /* VBListViewController.xib in Resources */ = {isa = PBXBuildFile; fileRef = 7978A02615556B3F00E53489 /* VBListViewController.xib */; };
/* End PBXBuildFile section */

/* Begin PBXContainerItemProxy section */
		79789FFE155566F600E53489 /* PBXContainerItemProxy */ = {
			isa = PBXContainerItemProxy;
			containerPortal = 79789FCF155566F600E53489 /* Project object */;
			proxyType = 1;
			remoteGlobalIDString = 79789FD7155566F600E53489;
			remoteInfo = Directions;
		};
/* End PBXContainerItemProxy section */

/* Begin PBXFileReference section */
		79789FD8155566F600E53489 /* Directions.app */ = {isa = PBXFileReference; explicitFileType = wrapper.application; includeInIndex = 0; path = Directions.app; sourceTree = BUILT_PRODUCTS_DIR; };
		79789FDC155566F600E53489 /* UIKit.framework */ = {isa = PBXFileReference; lastKnownFileType = wrapper.framework; name = UIKit.framework; path = System/Library/Frameworks/UIKit.framework; sourceTree = SDKROOT; };
		79789FDE155566F600E53489 /* Foundation.framework */ = {isa = PBXFileReference; lastKnownFileType = wrapper.framework; name = Foundation.framework; path = System/Library/Frameworks/Foundation.framework; sourceTree = SDKROOT; };
		79789FE0155566F600E53489 /* CoreGraphics.framework */ = {isa = PBXFileReference; lastKnownFileType = wrapper.framework; name = CoreGraphics.framework; path = System/Library/Frameworks/CoreGraphics.framework; sourceTree = SDKROOT; };
		79789FE4155566F600E53489 /* Directions-Info.plist */ = {isa = PBXFileReference; lastKnownFileType = text.plist.xml; path = "Directions-Info.plist"; sourceTree = "<group>"; };
		79789FE6155566F600E53489 /* en */ = {isa = PBXFileReference; lastKnownFileType = text.plist.strings; name = en; path = en.lproj/InfoPlist.strings; sourceTree = "<group>"; };
		79789FE8155566F600E53489 /* main.m */ = {isa = PBXFileReference; lastKnownFileType = sourcecode.c.objc; path = main.m; sourceTree = "<group>"; };
		79789FEA155566F600E53489 /* Directions-Prefix.pch */ = {isa = PBXFileReference; lastKnownFileType = sourcecode.c.h; path = "Directions-Prefix.pch"; sourceTree = "<group>"; };
		79789FEB155566F600E53489 /* VBAppDelegate.h */ = {isa = PBXFileReference; lastKnownFileType = sourcecode.c.h; path = VBAppDelegate.h; sourceTree = "<group>"; };
		79789FEC155566F600E53489 /* VBAppDelegate.m */ = {isa = PBXFileReference; lastKnownFileType = sourcecode.c.objc; path = VBAppDelegate.m; sourceTree = "<group>"; };
		79789FEE155566F600E53489 /* VBViewController.h */ = {isa = PBXFileReference; lastKnownFileType = sourcecode.c.h; path = VBViewController.h; sourceTree = "<group>"; };
		79789FEF155566F600E53489 /* VBViewController.m */ = {isa = PBXFileReference; lastKnownFileType = sourcecode.c.objc; path = VBViewController.m; sourceTree = "<group>"; };
		79789FF2155566F600E53489 /* en */ = {isa = PBXFileReference; lastKnownFileType = file.xib; name = en; path = en.lproj/VBViewController.xib; sourceTree = "<group>"; };
		79789FF9155566F600E53489 /* DirectionsTests.octest */ = {isa = PBXFileReference; explicitFileType = wrapper.cfbundle; includeInIndex = 0; path = DirectionsTests.octest; sourceTree = BUILT_PRODUCTS_DIR; };
		79789FFA155566F600E53489 /* SenTestingKit.framework */ = {isa = PBXFileReference; lastKnownFileType = wrapper.framework; name = SenTestingKit.framework; path = Library/Frameworks/SenTestingKit.framework; sourceTree = DEVELOPER_DIR; };
		7978A002155566F600E53489 /* DirectionsTests-Info.plist */ = {isa = PBXFileReference; lastKnownFileType = text.plist.xml; path = "DirectionsTests-Info.plist"; sourceTree = "<group>"; };
		7978A004155566F600E53489 /* en */ = {isa = PBXFileReference; lastKnownFileType = text.plist.strings; name = en; path = en.lproj/InfoPlist.strings; sourceTree = "<group>"; };
		7978A006155566F600E53489 /* DirectionsTests.h */ = {isa = PBXFileReference; lastKnownFileType = sourcecode.c.h; path = DirectionsTests.h; sourceTree = "<group>"; };
		7978A007155566F600E53489 /* DirectionsTests.m */ = {isa = PBXFileReference; lastKnownFileType = sourcecode.c.objc; path = DirectionsTests.m; sourceTree = "<group>"; };
		7978A0121555682400E53489 /* MKPolyline+GoogleAPIEncodedString.h */ = {isa = PBXFileReference; fileEncoding = 4; lastKnownFileType = sourcecode.c.h; path = "MKPolyline+GoogleAPIEncodedString.h"; sourceTree = "<group>"; };
		7978A0131555682400E53489 /* MKPolyline+GoogleAPIEncodedString.m */ = {isa = PBXFileReference; fileEncoding = 4; lastKnownFileType = sourcecode.c.objc; path = "MKPolyline+GoogleAPIEncodedString.m"; sourceTree = "<group>"; };
		7978A0161555683C00E53489 /* CoreLocation.framework */ = {isa = PBXFileReference; lastKnownFileType = wrapper.framework; name = CoreLocation.framework; path = System/Library/Frameworks/CoreLocation.framework; sourceTree = SDKROOT; };
		7978A0181555684100E53489 /* MapKit.framework */ = {isa = PBXFileReference; lastKnownFileType = wrapper.framework; name = MapKit.framework; path = System/Library/Frameworks/MapKit.framework; sourceTree = SDKROOT; };
		7978A01D15556B2500E53489 /* VBMapViewController.h */ = {isa = PBXFileReference; fileEncoding = 4; lastKnownFileType = sourcecode.c.h; path = VBMapViewController.h; sourceTree = "<group>"; };
		7978A01E15556B2500E53489 /* VBMapViewController.m */ = {isa = PBXFileReference; fileEncoding = 4; lastKnownFileType = sourcecode.c.objc; path = VBMapViewController.m; sourceTree = "<group>"; };
		7978A01F15556B2500E53489 /* VBMapViewController.xib */ = {isa = PBXFileReference; fileEncoding = 4; lastKnownFileType = file.xib; path = VBMapViewController.xib; sourceTree = "<group>"; };
		7978A02415556B3F00E53489 /* VBListViewController.h */ = {isa = PBXFileReference; fileEncoding = 4; lastKnownFileType = sourcecode.c.h; path = VBListViewController.h; sourceTree = "<group>"; };
		7978A02515556B3F00E53489 /* VBListViewController.m */ = {isa = PBXFileReference; fileEncoding = 4; lastKnownFileType = sourcecode.c.objc; path = VBListViewController.m; sourceTree = "<group>"; };
		7978A02615556B3F00E53489 /* VBListViewController.xib */ = {isa = PBXFileReference; fileEncoding = 4; lastKnownFileType = file.xib; path = VBListViewController.xib; sourceTree = "<group>"; };
/* End PBXFileReference section */

/* Begin PBXFrameworksBuildPhase section */
		79789FD5155566F600E53489 /* Frameworks */ = {
			isa = PBXFrameworksBuildPhase;
			buildActionMask = 2147483647;
			files = (
				7978A0191555684100E53489 /* MapKit.framework in Frameworks */,
				7978A0171555683C00E53489 /* CoreLocation.framework in Frameworks */,
				79789FDD155566F600E53489 /* UIKit.framework in Frameworks */,
				79789FDF155566F600E53489 /* Foundation.framework in Frameworks */,
				79789FE1155566F600E53489 /* CoreGraphics.framework in Frameworks */,
			);
			runOnlyForDeploymentPostprocessing = 0;
		};
		79789FF5155566F600E53489 /* Frameworks */ = {
			isa = PBXFrameworksBuildPhase;
			buildActionMask = 2147483647;
			files = (
				7978A01B155568A300E53489 /* MapKit.framework in Frameworks */,
				7978A01A1555689E00E53489 /* CoreLocation.framework in Frameworks */,
				79789FFB155566F600E53489 /* SenTestingKit.framework in Frameworks */,
				79789FFC155566F600E53489 /* UIKit.framework in Frameworks */,
				79789FFD155566F600E53489 /* Foundation.framework in Frameworks */,
			);
			runOnlyForDeploymentPostprocessing = 0;
		};
/* End PBXFrameworksBuildPhase section */

/* Begin PBXGroup section */
		79789FCD155566F600E53489 = {
			isa = PBXGroup;
			children = (
				79789FE2155566F600E53489 /* Directions */,
				7978A000155566F600E53489 /* DirectionsTests */,
				79789FDB155566F600E53489 /* Frameworks */,
				79789FD9155566F600E53489 /* Products */,
			);
			sourceTree = "<group>";
		};
		79789FD9155566F600E53489 /* Products */ = {
			isa = PBXGroup;
			children = (
				79789FD8155566F600E53489 /* Directions.app */,
				79789FF9155566F600E53489 /* DirectionsTests.octest */,
			);
			name = Products;
			sourceTree = "<group>";
		};
		79789FDB155566F600E53489 /* Frameworks */ = {
			isa = PBXGroup;
			children = (
				7978A0181555684100E53489 /* MapKit.framework */,
				7978A0161555683C00E53489 /* CoreLocation.framework */,
				79789FDC155566F600E53489 /* UIKit.framework */,
				79789FDE155566F600E53489 /* Foundation.framework */,
				79789FE0155566F600E53489 /* CoreGraphics.framework */,
				79789FFA155566F600E53489 /* SenTestingKit.framework */,
			);
			name = Frameworks;
			sourceTree = "<group>";
		};
		79789FE2155566F600E53489 /* Directions */ = {
			isa = PBXGroup;
			children = (
				7978A01C15556AF400E53489 /* Views */,
				7978A011155567FB00E53489 /* Support */,
				79789FEB155566F600E53489 /* VBAppDelegate.h */,
				79789FEC155566F600E53489 /* VBAppDelegate.m */,
				79789FEE155566F600E53489 /* VBViewController.h */,
				79789FEF155566F600E53489 /* VBViewController.m */,
				79789FF1155566F600E53489 /* VBViewController.xib */,
				79789FE3155566F600E53489 /* Supporting Files */,
			);
			path = Directions;
			sourceTree = "<group>";
		};
		79789FE3155566F600E53489 /* Supporting Files */ = {
			isa = PBXGroup;
			children = (
				79789FE4155566F600E53489 /* Directions-Info.plist */,
				79789FE5155566F600E53489 /* InfoPlist.strings */,
				79789FE8155566F600E53489 /* main.m */,
				79789FEA155566F600E53489 /* Directions-Prefix.pch */,
			);
			name = "Supporting Files";
			sourceTree = "<group>";
		};
		7978A000155566F600E53489 /* DirectionsTests */ = {
			isa = PBXGroup;
			children = (
				7978A006155566F600E53489 /* DirectionsTests.h */,
				7978A007155566F600E53489 /* DirectionsTests.m */,
				7978A001155566F600E53489 /* Supporting Files */,
			);
			path = DirectionsTests;
			sourceTree = "<group>";
		};
		7978A001155566F600E53489 /* Supporting Files */ = {
			isa = PBXGroup;
			children = (
				7978A002155566F600E53489 /* DirectionsTests-Info.plist */,
				7978A003155566F600E53489 /* InfoPlist.strings */,
			);
			name = "Supporting Files";
			sourceTree = "<group>";
		};
		7978A011155567FB00E53489 /* Support */ = {
			isa = PBXGroup;
			children = (
				7978A0121555682400E53489 /* MKPolyline+GoogleAPIEncodedString.h */,
				7978A0131555682400E53489 /* MKPolyline+GoogleAPIEncodedString.m */,
			);
			name = Support;
			sourceTree = "<group>";
		};
		7978A01C15556AF400E53489 /* Views */ = {
			isa = PBXGroup;
			children = (
				7978A01D15556B2500E53489 /* VBMapViewController.h */,
				7978A01E15556B2500E53489 /* VBMapViewController.m */,
				7978A01F15556B2500E53489 /* VBMapViewController.xib */,
				7978A02415556B3F00E53489 /* VBListViewController.h */,
				7978A02515556B3F00E53489 /* VBListViewController.m */,
				7978A02615556B3F00E53489 /* VBListViewController.xib */,
			);
			name = Views;
			sourceTree = "<group>";
		};
/* End PBXGroup section */

/* Begin PBXNativeTarget section */
		79789FD7155566F600E53489 /* Directions */ = {
			isa = PBXNativeTarget;
			buildConfigurationList = 7978A00B155566F600E53489 /* Build configuration list for PBXNativeTarget "Directions" */;
			buildPhases = (
				79789FD4155566F600E53489 /* Sources */,
				79789FD5155566F600E53489 /* Frameworks */,
				79789FD6155566F600E53489 /* Resources */,
			);
			buildRules = (
			);
			dependencies = (
			);
			name = Directions;
			productName = Directions;
			productReference = 79789FD8155566F600E53489 /* Directions.app */;
			productType = "com.apple.product-type.application";
		};
		79789FF8155566F600E53489 /* DirectionsTests */ = {
			isa = PBXNativeTarget;
			buildConfigurationList = 7978A00E155566F600E53489 /* Build configuration list for PBXNativeTarget "DirectionsTests" */;
			buildPhases = (
				79789FF4155566F600E53489 /* Sources */,
				79789FF5155566F600E53489 /* Frameworks */,
				79789FF6155566F600E53489 /* Resources */,
				79789FF7155566F600E53489 /* ShellScript */,
			);
			buildRules = (
			);
			dependencies = (
				79789FFF155566F600E53489 /* PBXTargetDependency */,
			);
			name = DirectionsTests;
			productName = DirectionsTests;
			productReference = 79789FF9155566F600E53489 /* DirectionsTests.octest */;
			productType = "com.apple.product-type.bundle";
		};
/* End PBXNativeTarget section */

/* Begin PBXProject section */
		79789FCF155566F600E53489 /* Project object */ = {
			isa = PBXProject;
			attributes = {
				CLASSPREFIX = VB;
				LastUpgradeCheck = 0430;
			};
			buildConfigurationList = 79789FD2155566F600E53489 /* Build configuration list for PBXProject "Directions" */;
			compatibilityVersion = "Xcode 3.2";
			developmentRegion = English;
			hasScannedForEncodings = 0;
			knownRegions = (
				en,
			);
			mainGroup = 79789FCD155566F600E53489;
			productRefGroup = 79789FD9155566F600E53489 /* Products */;
			projectDirPath = "";
			projectRoot = "";
			targets = (
				79789FD7155566F600E53489 /* Directions */,
				79789FF8155566F600E53489 /* DirectionsTests */,
			);
		};
/* End PBXProject section */

/* Begin PBXResourcesBuildPhase section */
		79789FD6155566F600E53489 /* Resources */ = {
			isa = PBXResourcesBuildPhase;
			buildActionMask = 2147483647;
			files = (
				79789FE7155566F600E53489 /* InfoPlist.strings in Resources */,
				79789FF3155566F600E53489 /* VBViewController.xib in Resources */,
				7978A02215556B2500E53489 /* VBMapViewController.xib in Resources */,
				7978A02815556B3F00E53489 /* VBListViewController.xib in Resources */,
			);
			runOnlyForDeploymentPostprocessing = 0;
		};
		79789FF6155566F600E53489 /* Resources */ = {
			isa = PBXResourcesBuildPhase;
			buildActionMask = 2147483647;
			files = (
				7978A005155566F600E53489 /* InfoPlist.strings in Resources */,
				7978A02315556B2500E53489 /* VBMapViewController.xib in Resources */,
			);
			runOnlyForDeploymentPostprocessing = 0;
		};
/* End PBXResourcesBuildPhase section */

/* Begin PBXShellScriptBuildPhase section */
		79789FF7155566F600E53489 /* ShellScript */ = {
			isa = PBXShellScriptBuildPhase;
			buildActionMask = 2147483647;
			files = (
			);
			inputPaths = (
			);
			outputPaths = (
			);
			runOnlyForDeploymentPostprocessing = 0;
			shellPath = /bin/sh;
			shellScript = "# Run the unit tests in this test bundle.\n\"${SYSTEM_DEVELOPER_DIR}/Tools/RunUnitTests\"\n";
		};
/* End PBXShellScriptBuildPhase section */

/* Begin PBXSourcesBuildPhase section */
		79789FD4155566F600E53489 /* Sources */ = {
			isa = PBXSourcesBuildPhase;
			buildActionMask = 2147483647;
			files = (
				79789FE9155566F600E53489 /* main.m in Sources */,
				79789FED155566F600E53489 /* VBAppDelegate.m in Sources */,
				79789FF0155566F600E53489 /* VBViewController.m in Sources */,
				7978A0141555682400E53489 /* MKPolyline+GoogleAPIEncodedString.m in Sources */,
				7978A02015556B2500E53489 /* VBMapViewController.m in Sources */,
				7978A02715556B3F00E53489 /* VBListViewController.m in Sources */,
			);
			runOnlyForDeploymentPostprocessing = 0;
		};
		79789FF4155566F600E53489 /* Sources */ = {
			isa = PBXSourcesBuildPhase;
			buildActionMask = 2147483647;
			files = (
				7978A008155566F600E53489 /* DirectionsTests.m in Sources */,
				7978A0151555682400E53489 /* MKPolyline+GoogleAPIEncodedString.m in Sources */,
				7978A02115556B2500E53489 /* VBMapViewController.m in Sources */,
			);
			runOnlyForDeploymentPostprocessing = 0;
		};
/* End PBXSourcesBuildPhase section */

/* Begin PBXTargetDependency section */
		79789FFF155566F600E53489 /* PBXTargetDependency */ = {
			isa = PBXTargetDependency;
			target = 79789FD7155566F600E53489 /* Directions */;
			targetProxy = 79789FFE155566F600E53489 /* PBXContainerItemProxy */;
		};
/* End PBXTargetDependency section */

/* Begin PBXVariantGroup section */
		79789FE5155566F600E53489 /* InfoPlist.strings */ = {
			isa = PBXVariantGroup;
			children = (
				79789FE6155566F600E53489 /* en */,
			);
			name = InfoPlist.strings;
			sourceTree = "<group>";
		};
		79789FF1155566F600E53489 /* VBViewController.xib */ = {
			isa = PBXVariantGroup;
			children = (
				79789FF2155566F600E53489 /* en */,
			);
			name = VBViewController.xib;
			sourceTree = "<group>";
		};
		7978A003155566F600E53489 /* InfoPlist.strings */ = {
			isa = PBXVariantGroup;
			children = (
				7978A004155566F600E53489 /* en */,
			);
			name = InfoPlist.strings;
			sourceTree = "<group>";
		};
/* End PBXVariantGroup section */

/* Begin XCBuildConfiguration section */
		7978A009155566F600E53489 /* Debug */ = {
			isa = XCBuildConfiguration;
			buildSettings = {
				ALWAYS_SEARCH_USER_PATHS = NO;
				ARCHS = "$(ARCHS_STANDARD_32_BIT)";
				CLANG_ENABLE_OBJC_ARC = YES;
				"CODE_SIGN_IDENTITY[sdk=iphoneos*]" = "iPhone Developer";
				COPY_PHASE_STRIP = NO;
				GCC_C_LANGUAGE_STANDARD = gnu99;
				GCC_DYNAMIC_NO_PIC = NO;
				GCC_OPTIMIZATION_LEVEL = 0;
				GCC_PREPROCESSOR_DEFINITIONS = (
					"DEBUG=1",
					"$(inherited)",
				);
				GCC_SYMBOLS_PRIVATE_EXTERN = NO;
				GCC_VERSION = com.apple.compilers.llvm.clang.1_0;
				GCC_WARN_ABOUT_RETURN_TYPE = YES;
				GCC_WARN_UNINITIALIZED_AUTOS = YES;
				GCC_WARN_UNUSED_VARIABLE = YES;
				IPHONEOS_DEPLOYMENT_TARGET = 5.1;
				SDKROOT = iphoneos;
			};
			name = Debug;
		};
		7978A00A155566F600E53489 /* Release */ = {
			isa = XCBuildConfiguration;
			buildSettings = {
				ALWAYS_SEARCH_USER_PATHS = NO;
				ARCHS = "$(ARCHS_STANDARD_32_BIT)";
				CLANG_ENABLE_OBJC_ARC = YES;
				"CODE_SIGN_IDENTITY[sdk=iphoneos*]" = "iPhone Developer";
				COPY_PHASE_STRIP = YES;
				GCC_C_LANGUAGE_STANDARD = gnu99;
				GCC_VERSION = com.apple.compilers.llvm.clang.1_0;
				GCC_WARN_ABOUT_RETURN_TYPE = YES;
				GCC_WARN_UNINITIALIZED_AUTOS = YES;
				GCC_WARN_UNUSED_VARIABLE = YES;
				IPHONEOS_DEPLOYMENT_TARGET = 5.1;
				OTHER_CFLAGS = "-DNS_BLOCK_ASSERTIONS=1";
				SDKROOT = iphoneos;
				VALIDATE_PRODUCT = YES;
			};
			name = Release;
		};
		7978A00C155566F600E53489 /* Debug */ = {
			isa = XCBuildConfiguration;
			buildSettings = {
				GCC_PRECOMPILE_PREFIX_HEADER = YES;
				GCC_PREFIX_HEADER = "Directions/Directions-Prefix.pch";
				INFOPLIST_FILE = "Directions/Directions-Info.plist";
				PRODUCT_NAME = "$(TARGET_NAME)";
				WRAPPER_EXTENSION = app;
			};
			name = Debug;
		};
		7978A00D155566F600E53489 /* Release */ = {
			isa = XCBuildConfiguration;
			buildSettings = {
				GCC_PRECOMPILE_PREFIX_HEADER = YES;
				GCC_PREFIX_HEADER = "Directions/Directions-Prefix.pch";
				INFOPLIST_FILE = "Directions/Directions-Info.plist";
				PRODUCT_NAME = "$(TARGET_NAME)";
				WRAPPER_EXTENSION = app;
			};
			name = Release;
		};
		7978A00F155566F600E53489 /* Debug */ = {
			isa = XCBuildConfiguration;
			buildSettings = {
				BUNDLE_LOADER = "$(BUILT_PRODUCTS_DIR)/Directions.app/Directions";
				FRAMEWORK_SEARCH_PATHS = (
					"$(SDKROOT)/Developer/Library/Frameworks",
					"$(DEVELOPER_LIBRARY_DIR)/Frameworks",
				);
				GCC_PRECOMPILE_PREFIX_HEADER = YES;
				GCC_PREFIX_HEADER = "Directions/Directions-Prefix.pch";
				INFOPLIST_FILE = "DirectionsTests/DirectionsTests-Info.plist";
				PRODUCT_NAME = "$(TARGET_NAME)";
				TEST_HOST = "$(BUNDLE_LOADER)";
				WRAPPER_EXTENSION = octest;
			};
			name = Debug;
		};
		7978A010155566F600E53489 /* Release */ = {
			isa = XCBuildConfiguration;
			buildSettings = {
				BUNDLE_LOADER = "$(BUILT_PRODUCTS_DIR)/Directions.app/Directions";
				FRAMEWORK_SEARCH_PATHS = (
					"$(SDKROOT)/Developer/Library/Frameworks",
					"$(DEVELOPER_LIBRARY_DIR)/Frameworks",
				);
				GCC_PRECOMPILE_PREFIX_HEADER = YES;
				GCC_PREFIX_HEADER = "Directions/Directions-Prefix.pch";
				INFOPLIST_FILE = "DirectionsTests/DirectionsTests-Info.plist";
				PRODUCT_NAME = "$(TARGET_NAME)";
				TEST_HOST = "$(BUNDLE_LOADER)";
				WRAPPER_EXTENSION = octest;
			};
			name = Release;
		};
/* End XCBuildConfiguration section */

/* Begin XCConfigurationList section */
		79789FD2155566F600E53489 /* Build configuration list for PBXProject "Directions" */ = {
			isa = XCConfigurationList;
			buildConfigurations = (
				7978A009155566F600E53489 /* Debug */,
				7978A00A155566F600E53489 /* Release */,
			);
			defaultConfigurationIsVisible = 0;
			defaultConfigurationName = Release;
		};
		7978A00B155566F600E53489 /* Build configuration list for PBXNativeTarget "Directions" */ = {
			isa = XCConfigurationList;
			buildConfigurations = (
				7978A00C155566F600E53489 /* Debug */,
				7978A00D155566F600E53489 /* Release */,
			);
			defaultConfigurationIsVisible = 0;
		};
		7978A00E155566F600E53489 /* Build configuration list for PBXNativeTarget "DirectionsTests" */ = {
			isa = XCConfigurationList;
			buildConfigurations = (
				7978A00F155566F600E53489 /* Debug */,
				7978A010155566F600E53489 /* Release */,
			);
			defaultConfigurationIsVisible = 0;
		};
/* End XCConfigurationList section */
	};
	rootObject = 79789FCF155566F600E53489 /* Project object */;
}
