// !$*UTF8*$!
{
	archiveVersion = 1;
	classes = {
	};
	objectVersion = 46;
	objects = {

/* Begin PBXBuildFile section */
		791F884215558F87005B3393 /* AFHTTPClient.m in Sources */ = {isa = PBXBuildFile; fileRef = 791F882E15558F87005B3393 /* AFHTTPClient.m */; settings = {COMPILER_FLAGS = "-fno-objc-arc"; }; };
		791F884315558F87005B3393 /* AFHTTPRequestOperation.m in Sources */ = {isa = PBXBuildFile; fileRef = 791F883015558F87005B3393 /* AFHTTPRequestOperation.m */; settings = {COMPILER_FLAGS = "-fno-objc-arc"; }; };
		791F884415558F87005B3393 /* AFImageRequestOperation.m in Sources */ = {isa = PBXBuildFile; fileRef = 791F883215558F87005B3393 /* AFImageRequestOperation.m */; settings = {COMPILER_FLAGS = "-fno-objc-arc"; }; };
		791F884515558F87005B3393 /* AFJSONRequestOperation.m in Sources */ = {isa = PBXBuildFile; fileRef = 791F883415558F87005B3393 /* AFJSONRequestOperation.m */; settings = {COMPILER_FLAGS = "-fno-objc-arc"; }; };
		791F884615558F87005B3393 /* AFJSONUtilities.m in Sources */ = {isa = PBXBuildFile; fileRef = 791F883615558F87005B3393 /* AFJSONUtilities.m */; settings = {COMPILER_FLAGS = "-fno-objc-arc"; }; };
		791F884715558F87005B3393 /* AFNetworkActivityIndicatorManager.m in Sources */ = {isa = PBXBuildFile; fileRef = 791F883815558F87005B3393 /* AFNetworkActivityIndicatorManager.m */; settings = {COMPILER_FLAGS = "-fno-objc-arc"; }; };
		791F884815558F87005B3393 /* AFPropertyListRequestOperation.m in Sources */ = {isa = PBXBuildFile; fileRef = 791F883B15558F87005B3393 /* AFPropertyListRequestOperation.m */; settings = {COMPILER_FLAGS = "-fno-objc-arc"; }; };
		791F884915558F87005B3393 /* AFURLConnectionOperation.m in Sources */ = {isa = PBXBuildFile; fileRef = 791F883D15558F87005B3393 /* AFURLConnectionOperation.m */; settings = {COMPILER_FLAGS = "-fno-objc-arc"; }; };
		791F884A15558F87005B3393 /* AFXMLRequestOperation.m in Sources */ = {isa = PBXBuildFile; fileRef = 791F883F15558F87005B3393 /* AFXMLRequestOperation.m */; settings = {COMPILER_FLAGS = "-fno-objc-arc"; }; };
		791F884B15558F87005B3393 /* UIImageView+AFNetworking.m in Sources */ = {isa = PBXBuildFile; fileRef = 791F884115558F87005B3393 /* UIImageView+AFNetworking.m */; settings = {COMPILER_FLAGS = "-fno-objc-arc"; }; };
		791F884F15558FD7005B3393 /* VBReachability.m in Sources */ = {isa = PBXBuildFile; fileRef = 791F884E15558FD7005B3393 /* VBReachability.m */; };
		791F8851155590E0005B3393 /* SystemConfiguration.framework in Frameworks */ = {isa = PBXBuildFile; fileRef = 791F8850155590E0005B3393 /* SystemConfiguration.framework */; };
		791F88551555984C005B3393 /* VBAPIClient.m in Sources */ = {isa = PBXBuildFile; fileRef = 791F88541555984C005B3393 /* VBAPIClient.m */; };
		791F88591555A2D1005B3393 /* VBRouteConfigurationViewController.m in Sources */ = {isa = PBXBuildFile; fileRef = 791F88571555A2D1005B3393 /* VBRouteConfigurationViewController.m */; };
		791F885A1555A2D1005B3393 /* VBRouteConfigurationViewController.xib in Resources */ = {isa = PBXBuildFile; fileRef = 791F88581555A2D1005B3393 /* VBRouteConfigurationViewController.xib */; };
		791F885D1555C3FA005B3393 /* AddressBook.framework in Frameworks */ = {isa = PBXBuildFile; fileRef = 791F885C1555C3F9005B3393 /* AddressBook.framework */; };
		791F88611556D6A4005B3393 /* NSError+CoalesceError.m in Sources */ = {isa = PBXBuildFile; fileRef = 791F88601556D6A4005B3393 /* NSError+CoalesceError.m */; };
		7971E5ED1556E8A600FEC4B6 /* VBProgressHUD.bundle in Resources */ = {isa = PBXBuildFile; fileRef = 7971E5EA1556E8A600FEC4B6 /* VBProgressHUD.bundle */; };
		7971E5EE1556E8A600FEC4B6 /* VBProgressHUD.m in Sources */ = {isa = PBXBuildFile; fileRef = 7971E5EC1556E8A600FEC4B6 /* VBProgressHUD.m */; };
		79789FDD155566F600E53489 /* UIKit.framework in Frameworks */ = {isa = PBXBuildFile; fileRef = 79789FDC155566F600E53489 /* UIKit.framework */; };
		79789FDF155566F600E53489 /* Foundation.framework in Frameworks */ = {isa = PBXBuildFile; fileRef = 79789FDE155566F600E53489 /* Foundation.framework */; };
		79789FE1155566F600E53489 /* CoreGraphics.framework in Frameworks */ = {isa = PBXBuildFile; fileRef = 79789FE0155566F600E53489 /* CoreGraphics.framework */; };
		79789FE7155566F600E53489 /* InfoPlist.strings in Resources */ = {isa = PBXBuildFile; fileRef = 79789FE5155566F600E53489 /* InfoPlist.strings */; };
		79789FE9155566F600E53489 /* main.m in Sources */ = {isa = PBXBuildFile; fileRef = 79789FE8155566F600E53489 /* main.m */; };
		79789FED155566F600E53489 /* VBAppDelegate.m in Sources */ = {isa = PBXBuildFile; fileRef = 79789FEC155566F600E53489 /* VBAppDelegate.m */; };
		79789FF3155566F600E53489 /* VBViewController.xib in Resources */ = {isa = PBXBuildFile; fileRef = 79789FF1155566F600E53489 /* VBViewController.xib */; };
		79789FFB155566F600E53489 /* SenTestingKit.framework in Frameworks */ = {isa = PBXBuildFile; fileRef = 79789FFA155566F600E53489 /* SenTestingKit.framework */; };
		79789FFC155566F600E53489 /* UIKit.framework in Frameworks */ = {isa = PBXBuildFile; fileRef = 79789FDC155566F600E53489 /* UIKit.framework */; };
		79789FFD155566F600E53489 /* Foundation.framework in Frameworks */ = {isa = PBXBuildFile; fileRef = 79789FDE155566F600E53489 /* Foundation.framework */; };
		7978A005155566F600E53489 /* InfoPlist.strings in Resources */ = {isa = PBXBuildFile; fileRef = 7978A003155566F600E53489 /* InfoPlist.strings */; };
		7978A008155566F600E53489 /* DirectionsTests.m in Sources */ = {isa = PBXBuildFile; fileRef = 7978A007155566F600E53489 /* DirectionsTests.m */; };
		7978A0141555682400E53489 /* MKPolyline+GoogleAPIEncodedString.m in Sources */ = {isa = PBXBuildFile; fileRef = 7978A0131555682400E53489 /* MKPolyline+GoogleAPIEncodedString.m */; };
		7978A0151555682400E53489 /* MKPolyline+GoogleAPIEncodedString.m in Sources */ = {isa = PBXBuildFile; fileRef = 7978A0131555682400E53489 /* MKPolyline+GoogleAPIEncodedString.m */; };
		7978A0171555683C00E53489 /* CoreLocation.framework in Frameworks */ = {isa = PBXBuildFile; fileRef = 7978A0161555683C00E53489 /* CoreLocation.framework */; };
		7978A0191555684100E53489 /* MapKit.framework in Frameworks */ = {isa = PBXBuildFile; fileRef = 7978A0181555684100E53489 /* MapKit.framework */; };
		7978A01A1555689E00E53489 /* CoreLocation.framework in Frameworks */ = {isa = PBXBuildFile; fileRef = 7978A0161555683C00E53489 /* CoreLocation.framework */; };
		7978A01B155568A300E53489 /* MapKit.framework in Frameworks */ = {isa = PBXBuildFile; fileRef = 7978A0181555684100E53489 /* MapKit.framework */; };
		7978A02015556B2500E53489 /* VBMapViewController.m in Sources */ = {isa = PBXBuildFile; fileRef = 7978A01E15556B2500E53489 /* VBMapViewController.m */; };
		7978A02115556B2500E53489 /* VBMapViewController.m in Sources */ = {isa = PBXBuildFile; fileRef = 7978A01E15556B2500E53489 /* VBMapViewController.m */; };
		7978A02215556B2500E53489 /* VBMapViewController.xib in Resources */ = {isa = PBXBuildFile; fileRef = 7978A01F15556B2500E53489 /* VBMapViewController.xib */; };
		7978A02315556B2500E53489 /* VBMapViewController.xib in Resources */ = {isa = PBXBuildFile; fileRef = 7978A01F15556B2500E53489 /* VBMapViewController.xib */; };
		7978A02715556B3F00E53489 /* VBListViewController.m in Sources */ = {isa = PBXBuildFile; fileRef = 7978A02515556B3F00E53489 /* VBListViewController.m */; };
		7978A02815556B3F00E53489 /* VBListViewController.xib in Resources */ = {isa = PBXBuildFile; fileRef = 7978A02615556B3F00E53489 /* VBListViewController.xib */; };
		7978A02B15556D0100E53489 /* VBSegmentsController.m in Sources */ = {isa = PBXBuildFile; fileRef = 7978A02A15556D0100E53489 /* VBSegmentsController.m */; };
/* End PBXBuildFile section */

/* Begin PBXContainerItemProxy section */
		79789FFE155566F600E53489 /* PBXContainerItemProxy */ = {
			isa = PBXContainerItemProxy;
			containerPortal = 79789FCF155566F600E53489 /* Project object */;
			proxyType = 1;
			remoteGlobalIDString = 79789FD7155566F600E53489;
			remoteInfo = Directions;
		};
/* End PBXContainerItemProxy section */

/* Begin PBXFileReference section */
		791F882D15558F87005B3393 /* AFHTTPClient.h */ = {isa = PBXFileReference; fileEncoding = 4; lastKnownFileType = sourcecode.c.h; path = AFHTTPClient.h; sourceTree = "<group>"; };
		791F882E15558F87005B3393 /* AFHTTPClient.m */ = {isa = PBXFileReference; fileEncoding = 4; lastKnownFileType = sourcecode.c.objc; path = AFHTTPClient.m; sourceTree = "<group>"; };
		791F882F15558F87005B3393 /* AFHTTPRequestOperation.h */ = {isa = PBXFileReference; fileEncoding = 4; lastKnownFileType = sourcecode.c.h; path = AFHTTPRequestOperation.h; sourceTree = "<group>"; };
		791F883015558F87005B3393 /* AFHTTPRequestOperation.m */ = {isa = PBXFileReference; fileEncoding = 4; lastKnownFileType = sourcecode.c.objc; path = AFHTTPRequestOperation.m; sourceTree = "<group>"; };
		791F883115558F87005B3393 /* AFImageRequestOperation.h */ = {isa = PBXFileReference; fileEncoding = 4; lastKnownFileType = sourcecode.c.h; path = AFImageRequestOperation.h; sourceTree = "<group>"; };
		791F883215558F87005B3393 /* AFImageRequestOperation.m */ = {isa = PBXFileReference; fileEncoding = 4; lastKnownFileType = sourcecode.c.objc; path = AFImageRequestOperation.m; sourceTree = "<group>"; };
		791F883315558F87005B3393 /* AFJSONRequestOperation.h */ = {isa = PBXFileReference; fileEncoding = 4; lastKnownFileType = sourcecode.c.h; path = AFJSONRequestOperation.h; sourceTree = "<group>"; };
		791F883415558F87005B3393 /* AFJSONRequestOperation.m */ = {isa = PBXFileReference; fileEncoding = 4; lastKnownFileType = sourcecode.c.objc; path = AFJSONRequestOperation.m; sourceTree = "<group>"; };
		791F883515558F87005B3393 /* AFJSONUtilities.h */ = {isa = PBXFileReference; fileEncoding = 4; lastKnownFileType = sourcecode.c.h; path = AFJSONUtilities.h; sourceTree = "<group>"; };
		791F883615558F87005B3393 /* AFJSONUtilities.m */ = {isa = PBXFileReference; fileEncoding = 4; lastKnownFileType = sourcecode.c.objc; path = AFJSONUtilities.m; sourceTree = "<group>"; };
		791F883715558F87005B3393 /* AFNetworkActivityIndicatorManager.h */ = {isa = PBXFileReference; fileEncoding = 4; lastKnownFileType = sourcecode.c.h; path = AFNetworkActivityIndicatorManager.h; sourceTree = "<group>"; };
		791F883815558F87005B3393 /* AFNetworkActivityIndicatorManager.m */ = {isa = PBXFileReference; fileEncoding = 4; lastKnownFileType = sourcecode.c.objc; path = AFNetworkActivityIndicatorManager.m; sourceTree = "<group>"; };
		791F883915558F87005B3393 /* AFNetworking.h */ = {isa = PBXFileReference; fileEncoding = 4; lastKnownFileType = sourcecode.c.h; path = AFNetworking.h; sourceTree = "<group>"; };
		791F883A15558F87005B3393 /* AFPropertyListRequestOperation.h */ = {isa = PBXFileReference; fileEncoding = 4; lastKnownFileType = sourcecode.c.h; path = AFPropertyListRequestOperation.h; sourceTree = "<group>"; };
		791F883B15558F87005B3393 /* AFPropertyListRequestOperation.m */ = {isa = PBXFileReference; fileEncoding = 4; lastKnownFileType = sourcecode.c.objc; path = AFPropertyListRequestOperation.m; sourceTree = "<group>"; };
		791F883C15558F87005B3393 /* AFURLConnectionOperation.h */ = {isa = PBXFileReference; fileEncoding = 4; lastKnownFileType = sourcecode.c.h; path = AFURLConnectionOperation.h; sourceTree = "<group>"; };
		791F883D15558F87005B3393 /* AFURLConnectionOperation.m */ = {isa = PBXFileReference; fileEncoding = 4; lastKnownFileType = sourcecode.c.objc; path = AFURLConnectionOperation.m; sourceTree = "<group>"; };
		791F883E15558F87005B3393 /* AFXMLRequestOperation.h */ = {isa = PBXFileReference; fileEncoding = 4; lastKnownFileType = sourcecode.c.h; path = AFXMLRequestOperation.h; sourceTree = "<group>"; };
		791F883F15558F87005B3393 /* AFXMLRequestOperation.m */ = {isa = PBXFileReference; fileEncoding = 4; lastKnownFileType = sourcecode.c.objc; path = AFXMLRequestOperation.m; sourceTree = "<group>"; };
		791F884015558F87005B3393 /* UIImageView+AFNetworking.h */ = {isa = PBXFileReference; fileEncoding = 4; lastKnownFileType = sourcecode.c.h; path = "UIImageView+AFNetworking.h"; sourceTree = "<group>"; };
		791F884115558F87005B3393 /* UIImageView+AFNetworking.m */ = {isa = PBXFileReference; fileEncoding = 4; lastKnownFileType = sourcecode.c.objc; path = "UIImageView+AFNetworking.m"; sourceTree = "<group>"; };
		791F884D15558FD7005B3393 /* VBReachability.h */ = {isa = PBXFileReference; fileEncoding = 4; lastKnownFileType = sourcecode.c.h; path = VBReachability.h; sourceTree = "<group>"; };
		791F884E15558FD7005B3393 /* VBReachability.m */ = {isa = PBXFileReference; fileEncoding = 4; lastKnownFileType = sourcecode.c.objc; path = VBReachability.m; sourceTree = "<group>"; };
		791F8850155590E0005B3393 /* SystemConfiguration.framework */ = {isa = PBXFileReference; lastKnownFileType = wrapper.framework; name = SystemConfiguration.framework; path = System/Library/Frameworks/SystemConfiguration.framework; sourceTree = SDKROOT; };
		791F88531555984C005B3393 /* VBAPIClient.h */ = {isa = PBXFileReference; fileEncoding = 4; lastKnownFileType = sourcecode.c.h; path = VBAPIClient.h; sourceTree = "<group>"; };
		791F88541555984C005B3393 /* VBAPIClient.m */ = {isa = PBXFileReference; fileEncoding = 4; lastKnownFileType = sourcecode.c.objc; path = VBAPIClient.m; sourceTree = "<group>"; };
		791F88561555A2D1005B3393 /* VBRouteConfigurationViewController.h */ = {isa = PBXFileReference; fileEncoding = 4; lastKnownFileType = sourcecode.c.h; path = VBRouteConfigurationViewController.h; sourceTree = "<group>"; };
		791F88571555A2D1005B3393 /* VBRouteConfigurationViewController.m */ = {isa = PBXFileReference; fileEncoding = 4; lastKnownFileType = sourcecode.c.objc; path = VBRouteConfigurationViewController.m; sourceTree = "<group>"; };
		791F88581555A2D1005B3393 /* VBRouteConfigurationViewController.xib */ = {isa = PBXFileReference; fileEncoding = 4; lastKnownFileType = file.xib; path = VBRouteConfigurationViewController.xib; sourceTree = "<group>"; };
		791F885B1555A41F005B3393 /* ConstantsAndMacros.h */ = {isa = PBXFileReference; lastKnownFileType = sourcecode.c.h; path = ConstantsAndMacros.h; sourceTree = "<group>"; };
		791F885C1555C3F9005B3393 /* AddressBook.framework */ = {isa = PBXFileReference; lastKnownFileType = wrapper.framework; name = AddressBook.framework; path = System/Library/Frameworks/AddressBook.framework; sourceTree = SDKROOT; };
		791F885F1556D6A4005B3393 /* NSError+CoalesceError.h */ = {isa = PBXFileReference; fileEncoding = 4; lastKnownFileType = sourcecode.c.h; path = "NSError+CoalesceError.h"; sourceTree = "<group>"; };
		791F88601556D6A4005B3393 /* NSError+CoalesceError.m */ = {isa = PBXFileReference; fileEncoding = 4; lastKnownFileType = sourcecode.c.objc; path = "NSError+CoalesceError.m"; sourceTree = "<group>"; };
		7971E5EA1556E8A600FEC4B6 /* VBProgressHUD.bundle */ = {isa = PBXFileReference; lastKnownFileType = "wrapper.plug-in"; path = VBProgressHUD.bundle; sourceTree = "<group>"; };
		7971E5EB1556E8A600FEC4B6 /* VBProgressHUD.h */ = {isa = PBXFileReference; fileEncoding = 4; lastKnownFileType = sourcecode.c.h; path = VBProgressHUD.h; sourceTree = "<group>"; };
		7971E5EC1556E8A600FEC4B6 /* VBProgressHUD.m */ = {isa = PBXFileReference; fileEncoding = 4; lastKnownFileType = sourcecode.c.objc; path = VBProgressHUD.m; sourceTree = "<group>"; };
		79789FD8155566F600E53489 /* Directions.app */ = {isa = PBXFileReference; explicitFileType = wrapper.application; includeInIndex = 0; path = Directions.app; sourceTree = BUILT_PRODUCTS_DIR; };
		79789FDC155566F600E53489 /* UIKit.framework */ = {isa = PBXFileReference; lastKnownFileType = wrapper.framework; name = UIKit.framework; path = System/Library/Frameworks/UIKit.framework; sourceTree = SDKROOT; };
		79789FDE155566F600E53489 /* Foundation.framework */ = {isa = PBXFileReference; lastKnownFileType = wrapper.framework; name = Foundation.framework; path = System/Library/Frameworks/Foundation.framework; sourceTree = SDKROOT; };
		79789FE0155566F600E53489 /* CoreGraphics.framework */ = {isa = PBXFileReference; lastKnownFileType = wrapper.framework; name = CoreGraphics.framework; path = System/Library/Frameworks/CoreGraphics.framework; sourceTree = SDKROOT; };
		79789FE4155566F600E53489 /* Directions-Info.plist */ = {isa = PBXFileReference; lastKnownFileType = text.plist.xml; path = "Directions-Info.plist"; sourceTree = "<group>"; };
		79789FE6155566F600E53489 /* en */ = {isa = PBXFileReference; lastKnownFileType = text.plist.strings; name = en; path = en.lproj/InfoPlist.strings; sourceTree = "<group>"; };
		79789FE8155566F600E53489 /* main.m */ = {isa = PBXFileReference; lastKnownFileType = sourcecode.c.objc; path = main.m; sourceTree = "<group>"; };
		79789FEA155566F600E53489 /* Directions-Prefix.pch */ = {isa = PBXFileReference; lastKnownFileType = sourcecode.c.h; path = "Directions-Prefix.pch"; sourceTree = "<group>"; };
		79789FEB155566F600E53489 /* VBAppDelegate.h */ = {isa = PBXFileReference; lastKnownFileType = sourcecode.c.h; path = VBAppDelegate.h; sourceTree = "<group>"; };
		79789FEC155566F600E53489 /* VBAppDelegate.m */ = {isa = PBXFileReference; lastKnownFileType = sourcecode.c.objc; path = VBAppDelegate.m; sourceTree = "<group>"; };
		79789FF2155566F600E53489 /* en */ = {isa = PBXFileReference; lastKnownFileType = file.xib; name = en; path = en.lproj/VBViewController.xib; sourceTree = "<group>"; };
		79789FF9155566F600E53489 /* DirectionsTests.octest */ = {isa = PBXFileReference; explicitFileType = wrapper.cfbundle; includeInIndex = 0; path = DirectionsTests.octest; sourceTree = BUILT_PRODUCTS_DIR; };
		79789FFA155566F600E53489 /* SenTestingKit.framework */ = {isa = PBXFileReference; lastKnownFileType = wrapper.framework; name = SenTestingKit.framework; path = Library/Frameworks/SenTestingKit.framework; sourceTree = DEVELOPER_DIR; };
		7978A002155566F600E53489 /* DirectionsTests-Info.plist */ = {isa = PBXFileReference; lastKnownFileType = text.plist.xml; path = "DirectionsTests-Info.plist"; sourceTree = "<group>"; };
		7978A004155566F600E53489 /* en */ = {isa = PBXFileReference; lastKnownFileType = text.plist.strings; name = en; path = en.lproj/InfoPlist.strings; sourceTree = "<group>"; };
		7978A006155566F600E53489 /* DirectionsTests.h */ = {isa = PBXFileReference; lastKnownFileType = sourcecode.c.h; path = DirectionsTests.h; sourceTree = "<group>"; };
		7978A007155566F600E53489 /* DirectionsTests.m */ = {isa = PBXFileReference; lastKnownFileType = sourcecode.c.objc; path = DirectionsTests.m; sourceTree = "<group>"; };
		7978A0121555682400E53489 /* MKPolyline+GoogleAPIEncodedString.h */ = {isa = PBXFileReference; fileEncoding = 4; lastKnownFileType = sourcecode.c.h; path = "MKPolyline+GoogleAPIEncodedString.h"; sourceTree = "<group>"; };
		7978A0131555682400E53489 /* MKPolyline+GoogleAPIEncodedString.m */ = {isa = PBXFileReference; fileEncoding = 4; lastKnownFileType = sourcecode.c.objc; path = "MKPolyline+GoogleAPIEncodedString.m"; sourceTree = "<group>"; };
		7978A0161555683C00E53489 /* CoreLocation.framework */ = {isa = PBXFileReference; lastKnownFileType = wrapper.framework; name = CoreLocation.framework; path = System/Library/Frameworks/CoreLocation.framework; sourceTree = SDKROOT; };
		7978A0181555684100E53489 /* MapKit.framework */ = {isa = PBXFileReference; lastKnownFileType = wrapper.framework; name = MapKit.framework; path = System/Library/Frameworks/MapKit.framework; sourceTree = SDKROOT; };
		7978A01D15556B2500E53489 /* VBMapViewController.h */ = {isa = PBXFileReference; fileEncoding = 4; lastKnownFileType = sourcecode.c.h; path = VBMapViewController.h; sourceTree = "<group>"; };
		7978A01E15556B2500E53489 /* VBMapViewController.m */ = {isa = PBXFileReference; fileEncoding = 4; lastKnownFileType = sourcecode.c.objc; path = VBMapViewController.m; sourceTree = "<group>"; };
		7978A01F15556B2500E53489 /* VBMapViewController.xib */ = {isa = PBXFileReference; fileEncoding = 4; lastKnownFileType = file.xib; path = VBMapViewController.xib; sourceTree = "<group>"; };
		7978A02415556B3F00E53489 /* VBListViewController.h */ = {isa = PBXFileReference; fileEncoding = 4; lastKnownFileType = sourcecode.c.h; path = VBListViewController.h; sourceTree = "<group>"; };
		7978A02515556B3F00E53489 /* VBListViewController.m */ = {isa = PBXFileReference; fileEncoding = 4; lastKnownFileType = sourcecode.c.objc; path = VBListViewController.m; sourceTree = "<group>"; };
		7978A02615556B3F00E53489 /* VBListViewController.xib */ = {isa = PBXFileReference; fileEncoding = 4; lastKnownFileType = file.xib; path = VBListViewController.xib; sourceTree = "<group>"; };
		7978A02915556D0100E53489 /* VBSegmentsController.h */ = {isa = PBXFileReference; fileEncoding = 4; lastKnownFileType = sourcecode.c.h; path = VBSegmentsController.h; sourceTree = "<group>"; };
		7978A02A15556D0100E53489 /* VBSegmentsController.m */ = {isa = PBXFileReference; fileEncoding = 4; lastKnownFileType = sourcecode.c.objc; path = VBSegmentsController.m; sourceTree = "<group>"; };
		79A9BB15155700550072749E /* VBRoutePresentation.h */ = {isa = PBXFileReference; fileEncoding = 4; lastKnownFileType = sourcecode.c.h; path = VBRoutePresentation.h; sourceTree = "<group>"; };
/* End PBXFileReference section */

/* Begin PBXFrameworksBuildPhase section */
		79789FD5155566F600E53489 /* Frameworks */ = {
			isa = PBXFrameworksBuildPhase;
			buildActionMask = 2147483647;
			files = (
				791F885D1555C3FA005B3393 /* AddressBook.framework in Frameworks */,
				791F8851155590E0005B3393 /* SystemConfiguration.framework in Frameworks */,
				7978A0191555684100E53489 /* MapKit.framework in Frameworks */,
				7978A0171555683C00E53489 /* CoreLocation.framework in Frameworks */,
				79789FDD155566F600E53489 /* UIKit.framework in Frameworks */,
				79789FDF155566F600E53489 /* Foundation.framework in Frameworks */,
				79789FE1155566F600E53489 /* CoreGraphics.framework in Frameworks */,
			);
			runOnlyForDeploymentPostprocessing = 0;
		};
		79789FF5155566F600E53489 /* Frameworks */ = {
			isa = PBXFrameworksBuildPhase;
			buildActionMask = 2147483647;
			files = (
				7978A01B155568A300E53489 /* MapKit.framework in Frameworks */,
				7978A01A1555689E00E53489 /* CoreLocation.framework in Frameworks */,
				79789FFB155566F600E53489 /* SenTestingKit.framework in Frameworks */,
				79789FFC155566F600E53489 /* UIKit.framework in Frameworks */,
				79789FFD155566F600E53489 /* Foundation.framework in Frameworks */,
			);
			runOnlyForDeploymentPostprocessing = 0;
		};
/* End PBXFrameworksBuildPhase section */

/* Begin PBXGroup section */
		791F882915558F14005B3393 /* Maps */ = {
			isa = PBXGroup;
			children = (
				7978A0121555682400E53489 /* MKPolyline+GoogleAPIEncodedString.h */,
				7978A0131555682400E53489 /* MKPolyline+GoogleAPIEncodedString.m */,
				79A9BB15155700550072749E /* VBRoutePresentation.h */,
			);
			name = Maps;
			sourceTree = "<group>";
		};
		791F882B15558F3C005B3393 /* Navigation */ = {
			isa = PBXGroup;
			children = (
				7978A02915556D0100E53489 /* VBSegmentsController.h */,
				7978A02A15556D0100E53489 /* VBSegmentsController.m */,
			);
			name = Navigation;
			sourceTree = "<group>";
		};
		791F882C15558F4A005B3393 /* Network */ = {
			isa = PBXGroup;
			children = (
				791F882D15558F87005B3393 /* AFHTTPClient.h */,
				791F882E15558F87005B3393 /* AFHTTPClient.m */,
				791F882F15558F87005B3393 /* AFHTTPRequestOperation.h */,
				791F883015558F87005B3393 /* AFHTTPRequestOperation.m */,
				791F883115558F87005B3393 /* AFImageRequestOperation.h */,
				791F883215558F87005B3393 /* AFImageRequestOperation.m */,
				791F883315558F87005B3393 /* AFJSONRequestOperation.h */,
				791F883415558F87005B3393 /* AFJSONRequestOperation.m */,
				791F883515558F87005B3393 /* AFJSONUtilities.h */,
				791F883615558F87005B3393 /* AFJSONUtilities.m */,
				791F883715558F87005B3393 /* AFNetworkActivityIndicatorManager.h */,
				791F883815558F87005B3393 /* AFNetworkActivityIndicatorManager.m */,
				791F883915558F87005B3393 /* AFNetworking.h */,
				791F883A15558F87005B3393 /* AFPropertyListRequestOperation.h */,
				791F883B15558F87005B3393 /* AFPropertyListRequestOperation.m */,
				791F883C15558F87005B3393 /* AFURLConnectionOperation.h */,
				791F883D15558F87005B3393 /* AFURLConnectionOperation.m */,
				791F883E15558F87005B3393 /* AFXMLRequestOperation.h */,
				791F883F15558F87005B3393 /* AFXMLRequestOperation.m */,
				791F884015558F87005B3393 /* UIImageView+AFNetworking.h */,
				791F884115558F87005B3393 /* UIImageView+AFNetworking.m */,
			);
			name = Network;
			sourceTree = "<group>";
		};
		791F884C15558FC1005B3393 /* Reachability */ = {
			isa = PBXGroup;
			children = (
				791F884D15558FD7005B3393 /* VBReachability.h */,
				791F884E15558FD7005B3393 /* VBReachability.m */,
			);
			name = Reachability;
			sourceTree = "<group>";
		};
		791F885215559824005B3393 /* API Client */ = {
			isa = PBXGroup;
			children = (
				791F88531555984C005B3393 /* VBAPIClient.h */,
				791F88541555984C005B3393 /* VBAPIClient.m */,
			);
			name = "API Client";
			sourceTree = "<group>";
		};
		791F885E1556D65E005B3393 /* Errors */ = {
			isa = PBXGroup;
			children = (
				791F885F1556D6A4005B3393 /* NSError+CoalesceError.h */,
				791F88601556D6A4005B3393 /* NSError+CoalesceError.m */,
			);
			name = Errors;
			sourceTree = "<group>";
		};
		7971E5E81556E88A00FEC4B6 /* Progress HUD */ = {
			isa = PBXGroup;
			children = (
				7971E5EA1556E8A600FEC4B6 /* VBProgressHUD.bundle */,
				7971E5EB1556E8A600FEC4B6 /* VBProgressHUD.h */,
				7971E5EC1556E8A600FEC4B6 /* VBProgressHUD.m */,
			);
			name = "Progress HUD";
			sourceTree = "<group>";
		};
		79789FCD155566F600E53489 = {
			isa = PBXGroup;
			children = (
				79789FE2155566F600E53489 /* Directions */,
				7978A000155566F600E53489 /* DirectionsTests */,
				79789FDB155566F600E53489 /* Frameworks */,
				79789FD9155566F600E53489 /* Products */,
			);
			sourceTree = "<group>";
		};
		79789FD9155566F600E53489 /* Products */ = {
			isa = PBXGroup;
			children = (
				79789FD8155566F600E53489 /* Directions.app */,
				79789FF9155566F600E53489 /* DirectionsTests.octest */,
			);
			name = Products;
			sourceTree = "<group>";
		};
		79789FDB155566F600E53489 /* Frameworks */ = {
			isa = PBXGroup;
			children = (
				791F885C1555C3F9005B3393 /* AddressBook.framework */,
				791F8850155590E0005B3393 /* SystemConfiguration.framework */,
				7978A0181555684100E53489 /* MapKit.framework */,
				7978A0161555683C00E53489 /* CoreLocation.framework */,
				79789FDC155566F600E53489 /* UIKit.framework */,
				79789FDE155566F600E53489 /* Foundation.framework */,
				79789FE0155566F600E53489 /* CoreGraphics.framework */,
				79789FFA155566F600E53489 /* SenTestingKit.framework */,
			);
			name = Frameworks;
			sourceTree = "<group>";
		};
		79789FE2155566F600E53489 /* Directions */ = {
			isa = PBXGroup;
			children = (
				7978A01C15556AF400E53489 /* Views */,
				7978A011155567FB00E53489 /* Support */,
				79789FEB155566F600E53489 /* VBAppDelegate.h */,
				79789FEC155566F600E53489 /* VBAppDelegate.m */,
				79789FF1155566F600E53489 /* VBViewController.xib */,
				79789FE3155566F600E53489 /* Supporting Files */,
			);
			path = Directions;
			sourceTree = "<group>";
		};
		79789FE3155566F600E53489 /* Supporting Files */ = {
			isa = PBXGroup;
			children = (
				79789FE4155566F600E53489 /* Directions-Info.plist */,
				79789FE5155566F600E53489 /* InfoPlist.strings */,
				79789FE8155566F600E53489 /* main.m */,
				79789FEA155566F600E53489 /* Directions-Prefix.pch */,
				791F885B1555A41F005B3393 /* ConstantsAndMacros.h */,
			);
			name = "Supporting Files";
			sourceTree = "<group>";
		};
		7978A000155566F600E53489 /* DirectionsTests */ = {
			isa = PBXGroup;
			children = (
				7978A006155566F600E53489 /* DirectionsTests.h */,
				7978A007155566F600E53489 /* DirectionsTests.m */,
				7978A001155566F600E53489 /* Supporting Files */,
			);
			path = DirectionsTests;
			sourceTree = "<group>";
		};
		7978A001155566F600E53489 /* Supporting Files */ = {
			isa = PBXGroup;
			children = (
				7978A002155566F600E53489 /* DirectionsTests-Info.plist */,
				7978A003155566F600E53489 /* InfoPlist.strings */,
			);
			name = "Supporting Files";
			sourceTree = "<group>";
		};
		7978A011155567FB00E53489 /* Support */ = {
			isa = PBXGroup;
			children = (
				791F885E1556D65E005B3393 /* Errors */,
				791F885215559824005B3393 /* API Client */,
				791F884C15558FC1005B3393 /* Reachability */,
				791F882C15558F4A005B3393 /* Network */,
				791F882B15558F3C005B3393 /* Navigation */,
				791F882915558F14005B3393 /* Maps */,
			);
			name = Support;
			sourceTree = "<group>";
		};
		7978A01C15556AF400E53489 /* Views */ = {
			isa = PBXGroup;
			children = (
				7971E5E81556E88A00FEC4B6 /* Progress HUD */,
				7978A01D15556B2500E53489 /* VBMapViewController.h */,
				7978A01E15556B2500E53489 /* VBMapViewController.m */,
				7978A01F15556B2500E53489 /* VBMapViewController.xib */,
				7978A02415556B3F00E53489 /* VBListViewController.h */,
				7978A02515556B3F00E53489 /* VBListViewController.m */,
				7978A02615556B3F00E53489 /* VBListViewController.xib */,
				791F88561555A2D1005B3393 /* VBRouteConfigurationViewController.h */,
				791F88571555A2D1005B3393 /* VBRouteConfigurationViewController.m */,
				791F88581555A2D1005B3393 /* VBRouteConfigurationViewController.xib */,
			);
			name = Views;
			sourceTree = "<group>";
		};
/* End PBXGroup section */

/* Begin PBXNativeTarget section */
		79789FD7155566F600E53489 /* Directions */ = {
			isa = PBXNativeTarget;
			buildConfigurationList = 7978A00B155566F600E53489 /* Build configuration list for PBXNativeTarget "Directions" */;
			buildPhases = (
				79789FD4155566F600E53489 /* Sources */,
				79789FD5155566F600E53489 /* Frameworks */,
				79789FD6155566F600E53489 /* Resources */,
			);
			buildRules = (
			);
			dependencies = (
			);
			name = Directions;
			productName = Directions;
			productReference = 79789FD8155566F600E53489 /* Directions.app */;
			productType = "com.apple.product-type.application";
		};
		79789FF8155566F600E53489 /* DirectionsTests */ = {
			isa = PBXNativeTarget;
			buildConfigurationList = 7978A00E155566F600E53489 /* Build configuration list for PBXNativeTarget "DirectionsTests" */;
			buildPhases = (
				79789FF4155566F600E53489 /* Sources */,
				79789FF5155566F600E53489 /* Frameworks */,
				79789FF6155566F600E53489 /* Resources */,
				79789FF7155566F600E53489 /* ShellScript */,
			);
			buildRules = (
			);
			dependencies = (
				79789FFF155566F600E53489 /* PBXTargetDependency */,
			);
			name = DirectionsTests;
			productName = DirectionsTests;
			productReference = 79789FF9155566F600E53489 /* DirectionsTests.octest */;
			productType = "com.apple.product-type.bundle";
		};
/* End PBXNativeTarget section */

/* Begin PBXProject section */
		79789FCF155566F600E53489 /* Project object */ = {
			isa = PBXProject;
			attributes = {
				CLASSPREFIX = VB;
				LastUpgradeCheck = 0430;
			};
			buildConfigurationList = 79789FD2155566F600E53489 /* Build configuration list for PBXProject "Directions" */;
			compatibilityVersion = "Xcode 3.2";
			developmentRegion = English;
			hasScannedForEncodings = 0;
			knownRegions = (
				en,
			);
			mainGroup = 79789FCD155566F600E53489;
			productRefGroup = 79789FD9155566F600E53489 /* Products */;
			projectDirPath = "";
			projectRoot = "";
			targets = (
				79789FD7155566F600E53489 /* Directions */,
				79789FF8155566F600E53489 /* DirectionsTests */,
			);
		};
/* End PBXProject section */

/* Begin PBXResourcesBuildPhase section */
		79789FD6155566F600E53489 /* Resources */ = {
			isa = PBXResourcesBuildPhase;
			buildActionMask = 2147483647;
			files = (
				79789FE7155566F600E53489 /* InfoPlist.strings in Resources */,
				79789FF3155566F600E53489 /* VBViewController.xib in Resources */,
				7978A02215556B2500E53489 /* VBMapViewController.xib in Resources */,
				7978A02815556B3F00E53489 /* VBListViewController.xib in Resources */,
				791F885A1555A2D1005B3393 /* VBRouteConfigurationViewController.xib in Resources */,
				7971E5ED1556E8A600FEC4B6 /* VBProgressHUD.bundle in Resources */,
			);
			runOnlyForDeploymentPostprocessing = 0;
		};
		79789FF6155566F600E53489 /* Resources */ = {
			isa = PBXResourcesBuildPhase;
			buildActionMask = 2147483647;
			files = (
				7978A005155566F600E53489 /* InfoPlist.strings in Resources */,
				7978A02315556B2500E53489 /* VBMapViewController.xib in Resources */,
			);
			runOnlyForDeploymentPostprocessing = 0;
		};
/* End PBXResourcesBuildPhase section */

/* Begin PBXShellScriptBuildPhase section */
		79789FF7155566F600E53489 /* ShellScript */ = {
			isa = PBXShellScriptBuildPhase;
			buildActionMask = 2147483647;
			files = (
			);
			inputPaths = (
			);
			outputPaths = (
			);
			runOnlyForDeploymentPostprocessing = 0;
			shellPath = /bin/sh;
			shellScript = "# Run the unit tests in this test bundle.\n\"${SYSTEM_DEVELOPER_DIR}/Tools/RunUnitTests\"\n";
		};
/* End PBXShellScriptBuildPhase section */

/* Begin PBXSourcesBuildPhase section */
		79789FD4155566F600E53489 /* Sources */ = {
			isa = PBXSourcesBuildPhase;
			buildActionMask = 2147483647;
			files = (
				79789FE9155566F600E53489 /* main.m in Sources */,
				79789FED155566F600E53489 /* VBAppDelegate.m in Sources */,
				7978A0141555682400E53489 /* MKPolyline+GoogleAPIEncodedString.m in Sources */,
				7978A02015556B2500E53489 /* VBMapViewController.m in Sources */,
				7978A02715556B3F00E53489 /* VBListViewController.m in Sources */,
				7978A02B15556D0100E53489 /* VBSegmentsController.m in Sources */,
				791F884215558F87005B3393 /* AFHTTPClient.m in Sources */,
				791F884315558F87005B3393 /* AFHTTPRequestOperation.m in Sources */,
				791F884415558F87005B3393 /* AFImageRequestOperation.m in Sources */,
				791F884515558F87005B3393 /* AFJSONRequestOperation.m in Sources */,
				791F884615558F87005B3393 /* AFJSONUtilities.m in Sources */,
				791F884715558F87005B3393 /* AFNetworkActivityIndicatorManager.m in Sources */,
				791F884815558F87005B3393 /* AFPropertyListRequestOperation.m in Sources */,
				791F884915558F87005B3393 /* AFURLConnectionOperation.m in Sources */,
				791F884A15558F87005B3393 /* AFXMLRequestOperation.m in Sources */,
				791F884B15558F87005B3393 /* UIImageView+AFNetworking.m in Sources */,
				791F884F15558FD7005B3393 /* VBReachability.m in Sources */,
				791F88551555984C005B3393 /* VBAPIClient.m in Sources */,
				791F88591555A2D1005B3393 /* VBRouteConfigurationViewController.m in Sources */,
				791F88611556D6A4005B3393 /* NSError+CoalesceError.m in Sources */,
				7971E5EE1556E8A600FEC4B6 /* VBProgressHUD.m in Sources */,
			);
			runOnlyForDeploymentPostprocessing = 0;
		};
		79789FF4155566F600E53489 /* Sources */ = {
			isa = PBXSourcesBuildPhase;
			buildActionMask = 2147483647;
			files = (
				7978A008155566F600E53489 /* DirectionsTests.m in Sources */,
				7978A0151555682400E53489 /* MKPolyline+GoogleAPIEncodedString.m in Sources */,
				7978A02115556B2500E53489 /* VBMapViewController.m in Sources */,
			);
			runOnlyForDeploymentPostprocessing = 0;
		};
/* End PBXSourcesBuildPhase section */

/* Begin PBXTargetDependency section */
		79789FFF155566F600E53489 /* PBXTargetDependency */ = {
			isa = PBXTargetDependency;
			target = 79789FD7155566F600E53489 /* Directions */;
			targetProxy = 79789FFE155566F600E53489 /* PBXContainerItemProxy */;
		};
/* End PBXTargetDependency section */

/* Begin PBXVariantGroup section */
		79789FE5155566F600E53489 /* InfoPlist.strings */ = {
			isa = PBXVariantGroup;
			children = (
				79789FE6155566F600E53489 /* en */,
			);
			name = InfoPlist.strings;
			sourceTree = "<group>";
		};
		79789FF1155566F600E53489 /* VBViewController.xib */ = {
			isa = PBXVariantGroup;
			children = (
				79789FF2155566F600E53489 /* en */,
			);
			name = VBViewController.xib;
			sourceTree = "<group>";
		};
		7978A003155566F600E53489 /* InfoPlist.strings */ = {
			isa = PBXVariantGroup;
			children = (
				7978A004155566F600E53489 /* en */,
			);
			name = InfoPlist.strings;
			sourceTree = "<group>";
		};
/* End PBXVariantGroup section */

/* Begin XCBuildConfiguration section */
		7978A009155566F600E53489 /* Debug */ = {
			isa = XCBuildConfiguration;
			buildSettings = {
				ALWAYS_SEARCH_USER_PATHS = NO;
				ARCHS = "$(ARCHS_STANDARD_32_BIT)";
				CLANG_ENABLE_OBJC_ARC = YES;
				"CODE_SIGN_IDENTITY[sdk=iphoneos*]" = "iPhone Developer";
				COPY_PHASE_STRIP = NO;
				GCC_C_LANGUAGE_STANDARD = gnu99;
				GCC_DYNAMIC_NO_PIC = NO;
				GCC_OPTIMIZATION_LEVEL = 0;
				GCC_PREPROCESSOR_DEFINITIONS = (
					"DEBUG=1",
					"$(inherited)",
				);
				GCC_SYMBOLS_PRIVATE_EXTERN = NO;
				GCC_VERSION = com.apple.compilers.llvm.clang.1_0;
				GCC_WARN_ABOUT_RETURN_TYPE = YES;
				GCC_WARN_UNINITIALIZED_AUTOS = YES;
				GCC_WARN_UNUSED_VARIABLE = YES;
				IPHONEOS_DEPLOYMENT_TARGET = 5.1;
				SDKROOT = iphoneos;
			};
			name = Debug;
		};
		7978A00A155566F600E53489 /* Release */ = {
			isa = XCBuildConfiguration;
			buildSettings = {
				ALWAYS_SEARCH_USER_PATHS = NO;
				ARCHS = "$(ARCHS_STANDARD_32_BIT)";
				CLANG_ENABLE_OBJC_ARC = YES;
				"CODE_SIGN_IDENTITY[sdk=iphoneos*]" = "iPhone Developer";
				COPY_PHASE_STRIP = YES;
				GCC_C_LANGUAGE_STANDARD = gnu99;
				GCC_VERSION = com.apple.compilers.llvm.clang.1_0;
				GCC_WARN_ABOUT_RETURN_TYPE = YES;
				GCC_WARN_UNINITIALIZED_AUTOS = YES;
				GCC_WARN_UNUSED_VARIABLE = YES;
				IPHONEOS_DEPLOYMENT_TARGET = 5.1;
				OTHER_CFLAGS = "-DNS_BLOCK_ASSERTIONS=1";
				SDKROOT = iphoneos;
				VALIDATE_PRODUCT = YES;
			};
			name = Release;
		};
		7978A00C155566F600E53489 /* Debug */ = {
			isa = XCBuildConfiguration;
			buildSettings = {
				GCC_PRECOMPILE_PREFIX_HEADER = YES;
				GCC_PREFIX_HEADER = "Directions/Directions-Prefix.pch";
				INFOPLIST_FILE = "Directions/Directions-Info.plist";
				PRODUCT_NAME = "$(TARGET_NAME)";
				WRAPPER_EXTENSION = app;
			};
			name = Debug;
		};
		7978A00D155566F600E53489 /* Release */ = {
			isa = XCBuildConfiguration;
			buildSettings = {
				GCC_PRECOMPILE_PREFIX_HEADER = YES;
				GCC_PREFIX_HEADER = "Directions/Directions-Prefix.pch";
				INFOPLIST_FILE = "Directions/Directions-Info.plist";
				PRODUCT_NAME = "$(TARGET_NAME)";
				WRAPPER_EXTENSION = app;
			};
			name = Release;
		};
		7978A00F155566F600E53489 /* Debug */ = {
			isa = XCBuildConfiguration;
			buildSettings = {
				BUNDLE_LOADER = "$(BUILT_PRODUCTS_DIR)/Directions.app/Directions";
				FRAMEWORK_SEARCH_PATHS = (
					"$(SDKROOT)/Developer/Library/Frameworks",
					"$(DEVELOPER_LIBRARY_DIR)/Frameworks",
				);
				GCC_PRECOMPILE_PREFIX_HEADER = YES;
				GCC_PREFIX_HEADER = "Directions/Directions-Prefix.pch";
				INFOPLIST_FILE = "DirectionsTests/DirectionsTests-Info.plist";
				PRODUCT_NAME = "$(TARGET_NAME)";
				TEST_HOST = "$(BUNDLE_LOADER)";
				WRAPPER_EXTENSION = octest;
			};
			name = Debug;
		};
		7978A010155566F600E53489 /* Release */ = {
			isa = XCBuildConfiguration;
			buildSettings = {
				BUNDLE_LOADER = "$(BUILT_PRODUCTS_DIR)/Directions.app/Directions";
				FRAMEWORK_SEARCH_PATHS = (
					"$(SDKROOT)/Developer/Library/Frameworks",
					"$(DEVELOPER_LIBRARY_DIR)/Frameworks",
				);
				GCC_PRECOMPILE_PREFIX_HEADER = YES;
				GCC_PREFIX_HEADER = "Directions/Directions-Prefix.pch";
				INFOPLIST_FILE = "DirectionsTests/DirectionsTests-Info.plist";
				PRODUCT_NAME = "$(TARGET_NAME)";
				TEST_HOST = "$(BUNDLE_LOADER)";
				WRAPPER_EXTENSION = octest;
			};
			name = Release;
		};
/* End XCBuildConfiguration section */

/* Begin XCConfigurationList section */
		79789FD2155566F600E53489 /* Build configuration list for PBXProject "Directions" */ = {
			isa = XCConfigurationList;
			buildConfigurations = (
				7978A009155566F600E53489 /* Debug */,
				7978A00A155566F600E53489 /* Release */,
			);
			defaultConfigurationIsVisible = 0;
			defaultConfigurationName = Release;
		};
		7978A00B155566F600E53489 /* Build configuration list for PBXNativeTarget "Directions" */ = {
			isa = XCConfigurationList;
			buildConfigurations = (
				7978A00C155566F600E53489 /* Debug */,
				7978A00D155566F600E53489 /* Release */,
			);
			defaultConfigurationIsVisible = 0;
			defaultConfigurationName = Release;
		};
		7978A00E155566F600E53489 /* Build configuration list for PBXNativeTarget "DirectionsTests" */ = {
			isa = XCConfigurationList;
			buildConfigurations = (
				7978A00F155566F600E53489 /* Debug */,
				7978A010155566F600E53489 /* Release */,
			);
			defaultConfigurationIsVisible = 0;
			defaultConfigurationName = Release;
		};
/* End XCConfigurationList section */
	};
	rootObject = 79789FCF155566F600E53489 /* Project object */;
}
